{
  "lockfileVersion": 1,
  "workspaces": {
    "": {
      "name": "astal-shell",
      "dependencies": {
        "astal": "/nix/store/b14r7hfi6vihnha9xiqybh498zplm44i-astal-gjs-0-unstable-2025-05-12/share/astal/gjs",
      },
    },
  },
  "packages": {
    "astal": ["astal@file:../../../../nix/store/b14r7hfi6vihnha9xiqybh498zplm44i-astal-gjs-0-unstable-2025-05-12/share/astal/gjs", {}],
  }
}
