{
  "nodes": {
    "ags": {
      "inputs": {
        "astal": "astal",
        "nixpkgs": [
          "nixpkgs"
        ]
      },
      "locked": {
        "lastModified": 1761391130,
        "narHash": "sha256-v7NoATfY4fnhkfvpSiznS8J6uV6Nyx7kbri/VSGxC3M=",
        "owner": "aylur",
        "repo": "ags",
        "rev": "83f4895c64b93b4a0993c336be159a7c117406c9",
        "type": "github"
      },
      "original": {
        "owner": "aylur",
        "repo": "ags",
        "type": "github"
      }
    },
    "astal": {
      "inputs": {
        "nixpkgs": [
          "ags",
          "nixpkgs"
        ]
      },
      "locked": {
        "lastModified": 1761075011,
        "narHash": "sha256-gQFgsJz2RQUMFdaHrbqRPYackAZYF3chcsZp8rUctVU=",
        "owner": "aylur",
        "repo": "astal",
        "rev": "c8df34d0e5fc4f3a36f72bae7dfc5ecf0000e1c8",
        "type": "github"
      },
      "original": {
        "owner": "aylur",
        "repo": "astal",
        "type": "github"
      }
    },
    "nixpkgs": {
      "locked": {
        "lastModified": 1761597516,
        "narHash": "sha256-wxX7u6D2rpkJLWkZ2E932SIvDJW8+ON/0Yy8+a5vsDU=",
        "owner": "NixOS",
        "repo": "nixpkgs",
        "rev": "daf6dc47aa4b44791372d6139ab7b25269184d55",
        "type": "github"
      },
      "original": {
        "id": "nixpkgs",
        "ref": "nixos-25.05-small",
        "type": "indirect"
      }
    },
    "root": {
      "inputs": {
        "ags": "ags",
        "nixpkgs": "nixpkgs"
      }
    }
  },
  "root": "root",
  "version": 7
}
